
Microsoft Visual Studio Solution File, Format Version 12.00
# Visual Studio Version 17
VisualStudioVersion = 17.13.35617.110
MinimumVisualStudioVersion = 10.0.40219.1
Project("{2150E333-8FDC-42A3-9474-1A3956D46DE8}") = "02. Static methods", "02. Static methods", "{02EA681E-C7D8-13C7-8484-4AC65E1B71E8}"
EndProject
Project("{FAE04EC0-301F-11D3-BF4B-00C04F79EFBC}") = "02.1.01 Library", "02. Static Methods\02.1.01 Library\02.1.01 Library.csproj", "{12CD316A-56F6-8BB9-9506-1F221E34B29E}"
EndProject
Project("{FAE04EC0-301F-11D3-BF4B-00C04F79EFBC}") = "02.1.01 View", "02. Static Methods\02.1.01 View\02.1.01 View.csproj", "{9AA15260-F8DB-113C-0967-686A13A2DFCA}"
EndProject
Project("{FAE04EC0-301F-11D3-BF4B-00C04F79EFBC}") = "02.1.02 Library", "02. Static Methods\02.1.02 Library\02.1.02 Library.csproj", "{B28BAF10-37AD-032E-7623-9E281C0FE4D7}"
EndProject
Project("{FAE04EC0-301F-11D3-BF4B-00C04F79EFBC}") = "02.1.02 View", "02. Static Methods\02.1.02 View\02.1.02 View.csproj", "{7600E559-1120-6823-3F8E-E4DF2EB3A7F8}"
EndProject
Global
	GlobalSection(SolutionConfigurationPlatforms) = preSolution
		Debug|Any CPU = Debug|Any CPU
		Release|Any CPU = Release|Any CPU
	EndGlobalSection
	GlobalSection(ProjectConfigurationPlatforms) = postSolution
		{12CD316A-56F6-8BB9-9506-1F221E34B29E}.Debug|Any CPU.ActiveCfg = Debug|Any CPU
		{12CD316A-56F6-8BB9-9506-1F221E34B29E}.Debug|Any CPU.Build.0 = Debug|Any CPU
		{12CD316A-56F6-8BB9-9506-1F221E34B29E}.Release|Any CPU.ActiveCfg = Release|Any CPU
		{12CD316A-56F6-8BB9-9506-1F221E34B29E}.Release|Any CPU.Build.0 = Release|Any CPU
		{9AA15260-F8DB-113C-0967-686A13A2DFCA}.Debug|Any CPU.ActiveCfg = Debug|Any CPU
		{9AA15260-F8DB-113C-0967-686A13A2DFCA}.Debug|Any CPU.Build.0 = Debug|Any CPU
		{9AA15260-F8DB-113C-0967-686A13A2DFCA}.Release|Any CPU.ActiveCfg = Release|Any CPU
		{9AA15260-F8DB-113C-0967-686A13A2DFCA}.Release|Any CPU.Build.0 = Release|Any CPU
		{B28BAF10-37AD-032E-7623-9E281C0FE4D7}.Debug|Any CPU.ActiveCfg = Debug|Any CPU
		{B28BAF10-37AD-032E-7623-9E281C0FE4D7}.Debug|Any CPU.Build.0 = Debug|Any CPU
		{B28BAF10-37AD-032E-7623-9E281C0FE4D7}.Release|Any CPU.ActiveCfg = Release|Any CPU
		{B28BAF10-37AD-032E-7623-9E281C0FE4D7}.Release|Any CPU.Build.0 = Release|Any CPU
		{7600E559-1120-6823-3F8E-E4DF2EB3A7F8}.Debug|Any CPU.ActiveCfg = Debug|Any CPU
		{7600E559-1120-6823-3F8E-E4DF2EB3A7F8}.Debug|Any CPU.Build.0 = Debug|Any CPU
		{7600E559-1120-6823-3F8E-E4DF2EB3A7F8}.Release|Any CPU.ActiveCfg = Release|Any CPU
		{7600E559-1120-6823-3F8E-E4DF2EB3A7F8}.Release|Any CPU.Build.0 = Release|Any CPU
	EndGlobalSection
	GlobalSection(SolutionProperties) = preSolution
		HideSolutionNode = FALSE
	EndGlobalSection
	GlobalSection(NestedProjects) = preSolution
		{12CD316A-56F6-8BB9-9506-1F221E34B29E} = {02EA681E-C7D8-13C7-8484-4AC65E1B71E8}
		{9AA15260-F8DB-113C-0967-686A13A2DFCA} = {02EA681E-C7D8-13C7-8484-4AC65E1B71E8}
		{B28BAF10-37AD-032E-7623-9E281C0FE4D7} = {02EA681E-C7D8-13C7-8484-4AC65E1B71E8}
		{7600E559-1120-6823-3F8E-E4DF2EB3A7F8} = {02EA681E-C7D8-13C7-8484-4AC65E1B71E8}
	EndGlobalSection
	GlobalSection(ExtensibilityGlobals) = postSolution
		SolutionGuid = {D6BB9B96-AC3A-41CA-A3BC-ADEC7AB3FBA0}
	EndGlobalSection
EndGlobal
