
Microsoft Visual Studio Solution File, Format Version 12.00
# Visual Studio Version 17
VisualStudioVersion = 17.13.35617.110
MinimumVisualStudioVersion = 10.0.40219.1
Project("{2150E333-8FDC-42A3-9474-1A3956D46DE8}") = "2. Static methods", "2. Static methods", "{02EA681E-C7D8-13C7-8484-4AC65E1B71E8}"
EndProject
Project("{FAE04EC0-301F-11D3-BF4B-00C04F79EFBC}") = "02.1.01 Library", "2. Static Methods\02.1.01 Library\02.1.01 Library.csproj", "{86FD3D7D-E39B-A483-3386-AF03045B08FF}"
EndProject
Project("{FAE04EC0-301F-11D3-BF4B-00C04F79EFBC}") = "02.1.02 Library", "2. Static Methods\02.1.02 Library\02.1.02 Library.csproj", "{C0B7C73C-356E-CE84-64C9-4656195955C4}"
EndProject
Project("{FAE04EC0-301F-11D3-BF4B-00C04F79EFBC}") = "02.1.01 View", "2. Static Methods\02.1.01 View\02.1.01 View.csproj", "{E0899B29-74FF-5818-DFE9-B98C6E6136B6}"
EndProject
Project("{FAE04EC0-301F-11D3-BF4B-00C04F79EFBC}") = "02.1.02 View", "2. Static Methods\02.1.02 View\02.1.02 View.csproj", "{20916C11-7CCB-7FC1-6470-9A0328B7057E}"
EndProject
Global
	GlobalSection(SolutionConfigurationPlatforms) = preSolution
		Debug|Any CPU = Debug|Any CPU
		Release|Any CPU = Release|Any CPU
	EndGlobalSection
	GlobalSection(ProjectConfigurationPlatforms) = postSolution
		{86FD3D7D-E39B-A483-3386-AF03045B08FF}.Debug|Any CPU.ActiveCfg = Debug|Any CPU
		{86FD3D7D-E39B-A483-3386-AF03045B08FF}.Debug|Any CPU.Build.0 = Debug|Any CPU
		{86FD3D7D-E39B-A483-3386-AF03045B08FF}.Release|Any CPU.ActiveCfg = Release|Any CPU
		{86FD3D7D-E39B-A483-3386-AF03045B08FF}.Release|Any CPU.Build.0 = Release|Any CPU
		{C0B7C73C-356E-CE84-64C9-4656195955C4}.Debug|Any CPU.ActiveCfg = Debug|Any CPU
		{C0B7C73C-356E-CE84-64C9-4656195955C4}.Debug|Any CPU.Build.0 = Debug|Any CPU
		{C0B7C73C-356E-CE84-64C9-4656195955C4}.Release|Any CPU.ActiveCfg = Release|Any CPU
		{C0B7C73C-356E-CE84-64C9-4656195955C4}.Release|Any CPU.Build.0 = Release|Any CPU
		{E0899B29-74FF-5818-DFE9-B98C6E6136B6}.Debug|Any CPU.ActiveCfg = Debug|Any CPU
		{E0899B29-74FF-5818-DFE9-B98C6E6136B6}.Debug|Any CPU.Build.0 = Debug|Any CPU
		{E0899B29-74FF-5818-DFE9-B98C6E6136B6}.Release|Any CPU.ActiveCfg = Release|Any CPU
		{E0899B29-74FF-5818-DFE9-B98C6E6136B6}.Release|Any CPU.Build.0 = Release|Any CPU
		{20916C11-7CCB-7FC1-6470-9A0328B7057E}.Debug|Any CPU.ActiveCfg = Debug|Any CPU
		{20916C11-7CCB-7FC1-6470-9A0328B7057E}.Debug|Any CPU.Build.0 = Debug|Any CPU
		{20916C11-7CCB-7FC1-6470-9A0328B7057E}.Release|Any CPU.ActiveCfg = Release|Any CPU
		{20916C11-7CCB-7FC1-6470-9A0328B7057E}.Release|Any CPU.Build.0 = Release|Any CPU
	EndGlobalSection
	GlobalSection(SolutionProperties) = preSolution
		HideSolutionNode = FALSE
	EndGlobalSection
	GlobalSection(NestedProjects) = preSolution
		{86FD3D7D-E39B-A483-3386-AF03045B08FF} = {02EA681E-C7D8-13C7-8484-4AC65E1B71E8}
		{C0B7C73C-356E-CE84-64C9-4656195955C4} = {02EA681E-C7D8-13C7-8484-4AC65E1B71E8}
		{E0899B29-74FF-5818-DFE9-B98C6E6136B6} = {02EA681E-C7D8-13C7-8484-4AC65E1B71E8}
		{20916C11-7CCB-7FC1-6470-9A0328B7057E} = {02EA681E-C7D8-13C7-8484-4AC65E1B71E8}
	EndGlobalSection
	GlobalSection(ExtensibilityGlobals) = postSolution
		SolutionGuid = {D6BB9B96-AC3A-41CA-A3BC-ADEC7AB3FBA0}
	EndGlobalSection
EndGlobal
